{
  "pins" : [
    {
      "identity" : "kmm-miam-sdk",
      "kind" : "remoteSourceControl",
      "location" : "https://gitlab.com/miam/kmm-miam-sdk.git",
      "state" : {
        "revision" : "6a738b1a4d8e24f6a9608b40fbe89f5cbbfc56da",
        "version" : "4.0.0-beta"
      }
    }
  ],
  "version" : 2
}
